
Microsoft Visual Studio Solution File, Format Version 12.00
# Visual Studio Version 17
VisualStudioVersion = 17.9.34622.214
MinimumVisualStudioVersion = 10.0.40219.1
Project("{FAE04EC0-301F-11D3-BF4B-00C04F79EFBC}") = "projectProgrammingLanguages", "projectProgrammingLanguages.csproj", "{B78CAD34-2B7E-4E2F-B769-29B136E5DE21}"
EndProject
Global
	GlobalSection(SolutionConfigurationPlatforms) = preSolution
		Debug|Any CPU = Debug|Any CPU
		Release|Any CPU = Release|Any CPU
	EndGlobalSection
	GlobalSection(ProjectConfigurationPlatforms) = postSolution
		{B78CAD34-2B7E-4E2F-B769-29B136E5DE21}.Debug|Any CPU.ActiveCfg = Debug|Any CPU
		{B78CAD34-2B7E-4E2F-B769-29B136E5DE21}.Debug|Any CPU.Build.0 = Debug|Any CPU
		{B78CAD34-2B7E-4E2F-B769-29B136E5DE21}.Release|Any CPU.ActiveCfg = Release|Any CPU
		{B78CAD34-2B7E-4E2F-B769-29B136E5DE21}.Release|Any CPU.Build.0 = Release|Any CPU
	EndGlobalSection
	GlobalSection(SolutionProperties) = preSolution
		HideSolutionNode = FALSE
	EndGlobalSection
	GlobalSection(ExtensibilityGlobals) = postSolution
		SolutionGuid = {B8C7CD1E-98D2-4431-9BED-66B3FCD665D9}
	EndGlobalSection
EndGlobal
